# THIS IS AN AUTOGENERATED FILE. DO NOT EDIT THIS FILE DIRECTLY.
# yarn lockfile v1


click-loader@^2.3.3:
  version "2.3.3"
  resolved "https://registry.yarnpkg.com/click-loader/-/click-loader-2.3.3.tgz#67d792efe4bcc1fdd7c0139938b67640fd28e43d"
  integrity sha512-/bTmKx/XSscqypVx6sszjtrtjfpL6RZVc7DgJxmtaDKhnPcN1iFTVmLu3ocKtsj3TxSZQA5OXRsftTRfMsceEw==
  dependencies:
    indo-compiler "1.1.2"
    uglify-es "^3.3.9"

click-style-loader@1.0.1:
  version "1.0.1"
  resolved "https://registry.yarnpkg.com/click-style-loader/-/click-style-loader-1.0.1.tgz#1a7298d0cbd47462563f8524baccb8a5197b9eaf"
  integrity sha512-a9bqEJ90mFJi9DhW4kTQQsNk0DQ4kztoxueGq0w/jwS5n3PKnOdZ9ljTpgN/XJEWcyvHSln+JRh1VbcBsOyUEg==

click.cl@^1.0.1:
  version "1.0.1"
  resolved "https://registry.yarnpkg.com/click.cl/-/click.cl-1.0.1.tgz#188180341b8f35265e5c1dfd045a76bb6706a674"
  integrity sha512-LD6EMwHcgepngQJFCj5OU6hvsX9mHvKQ6aAUy0LG9UQ7WGrVGaU6hqim1SH0UCtEp91C9ywLyrkkTpbHLOWIlg==

commander@^2.16.0:
  version "2.20.3"
  resolved "https://registry.yarnpkg.com/commander/-/commander-2.20.3.tgz#fd485e84c03eb4881c20722ba48035e8531aeb33"
  integrity sha512-GpVkmM8vF2vQUkj2LvZmD35JxeJOLCwJ9cUkugyk2nuhbv3+mJvpLYYt+0+USMxE+oj+ey/lJEnhZw75x/OMcQ==

commander@~2.13.0:
  version "2.13.0"
  resolved "https://registry.yarnpkg.com/commander/-/commander-2.13.0.tgz#6964bca67685df7c1f1430c584f07d7597885b9c"
  integrity sha512-MVuS359B+YzaWqjCL/c+22gfryv+mCBPHAv3zyVI2GN8EY6IRP8VwtasXn8jyyhvvq84R4ImN1OKRtcbIasjYA==

file-match@^1.0.1:
  version "1.0.2"
  resolved "https://registry.yarnpkg.com/file-match/-/file-match-1.0.2.tgz#c9cad265d2c8adf3a81475b0df475859069faef7"
  integrity sha1-ycrSZdLIrfOoFHWw30dYWQafrvc=
  dependencies:
    utils-extend "^1.0.6"

file-system@^2.2.2:
  version "2.2.2"
  resolved "https://registry.yarnpkg.com/file-system/-/file-system-2.2.2.tgz#7d65833e3a2347dcd956a813c677153ed3edd987"
  integrity sha1-fWWDPjojR9zZVqgTxncVPtPt2Yc=
  dependencies:
    file-match "^1.0.1"
    utils-extend "^1.0.4"

indo-compiler@1.1.2:
  version "1.1.2"
  resolved "https://registry.yarnpkg.com/indo-compiler/-/indo-compiler-1.1.2.tgz#4726b01090d988e61af9755b6f6d82ae6889b0ba"
  integrity sha512-VVJ7hHD6XNgaVdsROKVkSgANMhPo/6zOWtOGGkbI5xJVIoQf3xmI4bFJKS/53PLz0qR9HTh0W3wBjUb+pI3few==
  dependencies:
    commander "^2.16.0"
    file-system "^2.2.2"

source-map@~0.6.1:
  version "0.6.1"
  resolved "https://registry.yarnpkg.com/source-map/-/source-map-0.6.1.tgz#74722af32e9614e9c287a8d0bbde48b5e2f1a263"
  integrity sha512-UjgapumWlbMhkBgzT7Ykc5YXUT46F0iKu8SGXq0bcwP5dz/h0Plj6enJqjz1Zbq2l5WaqYnrVbwWOWMyF3F47g==

uglify-es@^3.3.9:
  version "3.3.9"
  resolved "https://registry.yarnpkg.com/uglify-es/-/uglify-es-3.3.9.tgz#0c1c4f0700bed8dbc124cdb304d2592ca203e677"
  integrity sha512-r+MU0rfv4L/0eeW3xZrd16t4NZfK8Ld4SWVglYBb7ez5uXFWHuVRs6xCTrf1yirs9a4j4Y27nn7SRfO6v67XsQ==
  dependencies:
    commander "~2.13.0"
    source-map "~0.6.1"

utils-extend@^1.0.4, utils-extend@^1.0.6:
  version "1.0.8"
  resolved "https://registry.yarnpkg.com/utils-extend/-/utils-extend-1.0.8.tgz#ccfd7b64540f8e90ee21eec57769d0651cab8a5f"
  integrity sha1-zP17ZFQPjpDuIe7Fd2nQZRyril8=
